
Microsoft Visual Studio Solution File, Format Version 12.00
# Visual Studio Version 17
VisualStudioVersion = 17.8.34322.80
MinimumVisualStudioVersion = 10.0.40219.1
Project("{FAE04EC0-301F-11D3-BF4B-00C04F79EFBC}") = "Travel_Planner_App.Android", "Travel_Planner_App\Travel_Planner_App.Android\Travel_Planner_App.Android.csproj", "{C658301C-9D92-44E5-A619-B5B3A69B9BBA}"
EndProject
Project("{FAE04EC0-301F-11D3-BF4B-00C04F79EFBC}") = "Travel_Planner_App", "Travel_Planner_App\Travel_Planner_App\Travel_Planner_App.csproj", "{79AF671F-5BC9-4BAC-AE90-013992CE598E}"
EndProject
Global
	GlobalSection(SolutionConfigurationPlatforms) = preSolution
		Debug|Any CPU = Debug|Any CPU
		Release|Any CPU = Release|Any CPU
	EndGlobalSection
	GlobalSection(ProjectConfigurationPlatforms) = postSolution
		{C658301C-9D92-44E5-A619-B5B3A69B9BBA}.Debug|Any CPU.ActiveCfg = Debug|Any CPU
		{C658301C-9D92-44E5-A619-B5B3A69B9BBA}.Debug|Any CPU.Build.0 = Debug|Any CPU
		{C658301C-9D92-44E5-A619-B5B3A69B9BBA}.Debug|Any CPU.Deploy.0 = Debug|Any CPU
		{C658301C-9D92-44E5-A619-B5B3A69B9BBA}.Release|Any CPU.ActiveCfg = Release|Any CPU
		{C658301C-9D92-44E5-A619-B5B3A69B9BBA}.Release|Any CPU.Build.0 = Release|Any CPU
		{C658301C-9D92-44E5-A619-B5B3A69B9BBA}.Release|Any CPU.Deploy.0 = Release|Any CPU
		{79AF671F-5BC9-4BAC-AE90-013992CE598E}.Debug|Any CPU.ActiveCfg = Debug|Any CPU
		{79AF671F-5BC9-4BAC-AE90-013992CE598E}.Debug|Any CPU.Build.0 = Debug|Any CPU
		{79AF671F-5BC9-4BAC-AE90-013992CE598E}.Debug|Any CPU.Deploy.0 = Debug|Any CPU
		{79AF671F-5BC9-4BAC-AE90-013992CE598E}.Release|Any CPU.ActiveCfg = Release|Any CPU
		{79AF671F-5BC9-4BAC-AE90-013992CE598E}.Release|Any CPU.Build.0 = Release|Any CPU
		{79AF671F-5BC9-4BAC-AE90-013992CE598E}.Release|Any CPU.Deploy.0 = Release|Any CPU
	EndGlobalSection
	GlobalSection(SolutionProperties) = preSolution
		HideSolutionNode = FALSE
	EndGlobalSection
	GlobalSection(ExtensibilityGlobals) = postSolution
		SolutionGuid = {05E2B272-20C7-4FC9-AD11-76DE19C71689}
	EndGlobalSection
EndGlobal
